// !$*UTF8*$!
{
	archiveVersion = 1;
	classes = {
	};
	objectVersion = 46;
	objects = {

/* Begin PBXBuildFile section */
		0865757BE608545606A3D715 /* Main.swift in Sources */ = {isa = PBXBuildFile; fileRef = 864B3F8499958E4C3DBC42E5 /* Main.swift */; };
		30401A69D5925A472890E47F /* Main.swift in Sources */ = {isa = PBXBuildFile; fileRef = 1C89191435B9A36DB9BFEE44 /* Main.swift */; };
		3E81A6B367B82DA17EC489C0 /* Foundation.framework in Frameworks */ = {isa = PBXBuildFile; fileRef = DDFDCE23F3A86F4ED9D7A10F /* Foundation.framework */; };
		49BA4031662745ACD744651C /* Pods_Fwk.framework in Frameworks */ = {isa = PBXBuildFile; fileRef = 12C968726CC08321D4B72346 /* Pods_Fwk.framework */; };
		6DCDF13B9F96C6E81042FFC5 /* Fwk.framework in Frameworks */ = {isa = PBXBuildFile; fileRef = D5C1E3B4DC610E4CA2EF97D6 /* Fwk.framework */; };
		E9F4392D878181E314D8A975 /* Pods_Tests.framework in Frameworks */ = {isa = PBXBuildFile; fileRef = 0857DE36E13A0D7280813C29 /* Pods_Tests.framework */; };
		F0B659CDDD822639AAA37046 /* Foundation.framework in Frameworks */ = {isa = PBXBuildFile; fileRef = DDFDCE23F3A86F4ED9D7A10F /* Foundation.framework */; };
/* End PBXBuildFile section */

/* Begin PBXContainerItemProxy section */
		A730E7ADA107B39883435B38 /* PBXContainerItemProxy */ = {
			isa = PBXContainerItemProxy;
			containerPortal = 64964B40ED85EFB07F364C09 /* Project object */;
			proxyType = 1;
			remoteGlobalIDString = CCD95CF737A1E67D62C505C0;
			remoteInfo = Fwk;
		};
/* End PBXContainerItemProxy section */

/* Begin PBXCopyFilesBuildPhase section */
		674BA488882DC9396CE644D5 /* Embed Frameworks */ = {
			isa = PBXCopyFilesBuildPhase;
			buildActionMask = 2147483647;
			dstPath = "";
			dstSubfolderSpec = 10;
			files = (
			);
			name = "Embed Frameworks";
			runOnlyForDeploymentPostprocessing = 0;
		};
		F5C900BFD530E4898A264D34 /* Embed Frameworks */ = {
			isa = PBXCopyFilesBuildPhase;
			buildActionMask = 2147483647;
			dstPath = "";
			dstSubfolderSpec = 10;
			files = (
			);
			name = "Embed Frameworks";
			runOnlyForDeploymentPostprocessing = 0;
		};
/* End PBXCopyFilesBuildPhase section */

/* Begin PBXFileReference section */
		0857DE36E13A0D7280813C29 /* Pods_Tests.framework */ = {isa = PBXFileReference; explicitFileType = wrapper.framework; includeInIndex = 0; path = Pods_Tests.framework; sourceTree = BUILT_PRODUCTS_DIR; };
		0EA15E91207FA2974CBA2FF9 /* Pods-Fwk.debug.xcconfig */ = {isa = PBXFileReference; includeInIndex = 1; lastKnownFileType = text.xcconfig; name = "Pods-Fwk.debug.xcconfig"; path = "Pods/Target Support Files/Pods-Fwk/Pods-Fwk.debug.xcconfig"; sourceTree = "<group>"; };
		12C968726CC08321D4B72346 /* Pods_Fwk.framework */ = {isa = PBXFileReference; explicitFileType = wrapper.framework; includeInIndex = 0; path = Pods_Fwk.framework; sourceTree = BUILT_PRODUCTS_DIR; };
		1487EB8446FEC358526F6F57 /* Pods-Fwk.release.xcconfig */ = {isa = PBXFileReference; includeInIndex = 1; lastKnownFileType = text.xcconfig; name = "Pods-Fwk.release.xcconfig"; path = "Pods/Target Support Files/Pods-Fwk/Pods-Fwk.release.xcconfig"; sourceTree = "<group>"; };
		1C89191435B9A36DB9BFEE44 /* Main.swift */ = {isa = PBXFileReference; includeInIndex = 1; lastKnownFileType = sourcecode.swift; path = Main.swift; sourceTree = "<group>"; };
		6CB50941325DC01E5AF64632 /* Pods-Tests.release.xcconfig */ = {isa = PBXFileReference; includeInIndex = 1; lastKnownFileType = text.xcconfig; name = "Pods-Tests.release.xcconfig"; path = "Pods/Target Support Files/Pods-Tests/Pods-Tests.release.xcconfig"; sourceTree = "<group>"; };
		864B3F8499958E4C3DBC42E5 /* Main.swift */ = {isa = PBXFileReference; includeInIndex = 1; lastKnownFileType = sourcecode.swift; path = Main.swift; sourceTree = "<group>"; };
		C433BB7184A369D2E89BE370 /* Tests.xctest */ = {isa = PBXFileReference; explicitFileType = wrapper.cfbundle; includeInIndex = 0; path = Tests.xctest; sourceTree = BUILT_PRODUCTS_DIR; };
		D5C1E3B4DC610E4CA2EF97D6 /* Fwk.framework */ = {isa = PBXFileReference; explicitFileType = wrapper.framework; includeInIndex = 0; path = Fwk.framework; sourceTree = BUILT_PRODUCTS_DIR; };
		DDFDCE23F3A86F4ED9D7A10F /* Foundation.framework */ = {isa = PBXFileReference; lastKnownFileType = wrapper.framework; name = Foundation.framework; path = Platforms/iPhoneOS.platform/Developer/SDKs/iPhoneOS10.3.sdk/System/Library/Frameworks/Foundation.framework; sourceTree = DEVELOPER_DIR; };
		EE249EC2D6DB230A577C37CB /* Pods-Tests.debug.xcconfig */ = {isa = PBXFileReference; includeInIndex = 1; lastKnownFileType = text.xcconfig; name = "Pods-Tests.debug.xcconfig"; path = "Pods/Target Support Files/Pods-Tests/Pods-Tests.debug.xcconfig"; sourceTree = "<group>"; };
/* End PBXFileReference section */

/* Begin PBXFrameworksBuildPhase section */
		3AD0091C1A5C16E50DDCCC49 /* Frameworks */ = {
			isa = PBXFrameworksBuildPhase;
			buildActionMask = 2147483647;
			files = (
				3E81A6B367B82DA17EC489C0 /* Foundation.framework in Frameworks */,
				6DCDF13B9F96C6E81042FFC5 /* Fwk.framework in Frameworks */,
				E9F4392D878181E314D8A975 /* Pods_Tests.framework in Frameworks */,
			);
			runOnlyForDeploymentPostprocessing = 0;
		};
		47020A1690FF8B82F63AE527 /* Frameworks */ = {
			isa = PBXFrameworksBuildPhase;
			buildActionMask = 2147483647;
			files = (
				F0B659CDDD822639AAA37046 /* Foundation.framework in Frameworks */,
				49BA4031662745ACD744651C /* Pods_Fwk.framework in Frameworks */,
			);
			runOnlyForDeploymentPostprocessing = 0;
		};
/* End PBXFrameworksBuildPhase section */

/* Begin PBXGroup section */
		0089AAD0AF66D45286B142F4 /* Pods */ = {
			isa = PBXGroup;
			children = (
				0EA15E91207FA2974CBA2FF9 /* Pods-Fwk.debug.xcconfig */,
				1487EB8446FEC358526F6F57 /* Pods-Fwk.release.xcconfig */,
				EE249EC2D6DB230A577C37CB /* Pods-Tests.debug.xcconfig */,
				6CB50941325DC01E5AF64632 /* Pods-Tests.release.xcconfig */,
			);
			name = Pods;
			sourceTree = "<group>";
		};
		089509A9A61A9424A5FB6550 /* iOS */ = {
			isa = PBXGroup;
			children = (
				DDFDCE23F3A86F4ED9D7A10F /* Foundation.framework */,
			);
			name = iOS;
			sourceTree = "<group>";
		};
		527BAE0C10734DB8CD31659B /* Products */ = {
			isa = PBXGroup;
			children = (
				D5C1E3B4DC610E4CA2EF97D6 /* Fwk.framework */,
				C433BB7184A369D2E89BE370 /* Tests.xctest */,
			);
			name = Products;
			sourceTree = "<group>";
		};
		7317F45AB5049C7D90276ED4 /* Src */ = {
			isa = PBXGroup;
			children = (
				1C89191435B9A36DB9BFEE44 /* Main.swift */,
			);
			name = Src;
			path = Src;
			sourceTree = SOURCE_ROOT;
		};
		B79C4E35BD81C851FEAB3AAD /* Tst */ = {
			isa = PBXGroup;
			children = (
				864B3F8499958E4C3DBC42E5 /* Main.swift */,
			);
			name = Tst;
			path = Tst;
			sourceTree = SOURCE_ROOT;
		};
		C345D3AF28BBCB14064B9724 = {
			isa = PBXGroup;
			children = (
				527BAE0C10734DB8CD31659B /* Products */,
				D17F90AEFE32F86183E13086 /* Frameworks */,
				7317F45AB5049C7D90276ED4 /* Src */,
				B79C4E35BD81C851FEAB3AAD /* Tst */,
				0089AAD0AF66D45286B142F4 /* Pods */,
			);
			sourceTree = "<group>";
		};
		D17F90AEFE32F86183E13086 /* Frameworks */ = {
			isa = PBXGroup;
			children = (
				089509A9A61A9424A5FB6550 /* iOS */,
				D1EAF9769AF64F162ECA772C /* $subproj */,
				EE71CED6916FD093192C1827 /* $local */,
				12C968726CC08321D4B72346 /* Pods_Fwk.framework */,
				0857DE36E13A0D7280813C29 /* Pods_Tests.framework */,
			);
			name = Frameworks;
			sourceTree = "<group>";
		};
		D1EAF9769AF64F162ECA772C /* $subproj */ = {
			isa = PBXGroup;
			children = (
			);
			name = "$subproj";
			sourceTree = "<group>";
		};
		EE71CED6916FD093192C1827 /* $local */ = {
			isa = PBXGroup;
			children = (
			);
			name = "$local";
			sourceTree = "<group>";
		};
/* End PBXGroup section */

/* Begin PBXNativeTarget section */
		A21819D0A417FCAC5310A401 /* Tests */ = {
			isa = PBXNativeTarget;
			buildConfigurationList = AA0999D9E6C07B0E14FA0F28 /* Build configuration list for PBXNativeTarget "Tests" */;
			buildPhases = (
				A20C1D2AF1AFD25826857BB0 /* [CP] Check Pods Manifest.lock */,
				DEE1B2E6C48261B0BBCF93C6 /* Sources */,
				3AD0091C1A5C16E50DDCCC49 /* Frameworks */,
				674BA488882DC9396CE644D5 /* Embed Frameworks */,
				FFB224BA5190BBE77969B852 /* [CP] Embed Pods Frameworks */,
				832F45598E2D35F51E4AD43A /* [CP] Copy Pods Resources */,
			);
			buildRules = (
			);
			dependencies = (
				032AFBB20447AD377AF39A2C /* PBXTargetDependency */,
			);
			name = Tests;
			productName = Tests;
			productReference = C433BB7184A369D2E89BE370 /* Tests.xctest */;
			productType = "com.apple.product-type.bundle.unit-test";
		};
		CCD95CF737A1E67D62C505C0 /* Fwk */ = {
			isa = PBXNativeTarget;
			buildConfigurationList = 68554DC338BD00C1368855A7 /* Build configuration list for PBXNativeTarget "Fwk" */;
			buildPhases = (
				26B5B60F7D116076CD0B1519 /* [CP] Check Pods Manifest.lock */,
				A473E613F6216288BEA75A7E /* Sources */,
				47020A1690FF8B82F63AE527 /* Frameworks */,
				F5C900BFD530E4898A264D34 /* Embed Frameworks */,
				ECAA156CD511E8F2F61898D9 /* [CP] Copy Pods Resources */,
			);
			buildRules = (
			);
			dependencies = (
			);
			name = Fwk;
			productName = Fwk;
			productReference = D5C1E3B4DC610E4CA2EF97D6 /* Fwk.framework */;
			productType = "com.apple.product-type.framework";
		};
/* End PBXNativeTarget section */

/* Begin PBXProject section */
		64964B40ED85EFB07F364C09 /* Project object */ = {
			isa = PBXProject;
			attributes = {
				LastSwiftUpdateCheck = 0830;
				LastUpgradeCheck = 0700;
			};
			buildConfigurationList = 5C11ED52B86C2031ADF5E185 /* Build configuration list for PBXProject "Testing" */;
			compatibilityVersion = "Xcode 3.2";
			developmentRegion = English;
			hasScannedForEncodings = 0;
			knownRegions = (
				en,
			);
			mainGroup = C345D3AF28BBCB14064B9724;
			productRefGroup = 527BAE0C10734DB8CD31659B /* Products */;
			projectDirPath = "";
			projectRoot = "";
			targets = (
				CCD95CF737A1E67D62C505C0 /* Fwk */,
				A21819D0A417FCAC5310A401 /* Tests */,
			);
		};
/* End PBXProject section */

/* Begin PBXShellScriptBuildPhase section */
		26B5B60F7D116076CD0B1519 /* [CP] Check Pods Manifest.lock */ = {
			isa = PBXShellScriptBuildPhase;
			buildActionMask = 2147483647;
			files = (
			);
			inputPaths = (
			);
			name = "[CP] Check Pods Manifest.lock";
			outputPaths = (
			);
			runOnlyForDeploymentPostprocessing = 0;
			shellPath = /bin/sh;
			shellScript = "diff \"${PODS_PODFILE_DIR_PATH}/Podfile.lock\" \"${PODS_ROOT}/Manifest.lock\" > /dev/null\nif [ $? != 0 ] ; then\n    # print error to STDERR\n    echo \"error: The sandbox is not in sync with the Podfile.lock. Run 'pod install' or update your CocoaPods installation.\" >&2\n    exit 1\nfi\n";
			showEnvVarsInLog = 0;
		};
		832F45598E2D35F51E4AD43A /* [CP] Copy Pods Resources */ = {
			isa = PBXShellScriptBuildPhase;
			buildActionMask = 2147483647;
			files = (
			);
			inputPaths = (
			);
			name = "[CP] Copy Pods Resources";
			outputPaths = (
			);
			runOnlyForDeploymentPostprocessing = 0;
			shellPath = /bin/sh;
			shellScript = "\"${SRCROOT}/Pods/Target Support Files/Pods-Tests/Pods-Tests-resources.sh\"\n";
			showEnvVarsInLog = 0;
		};
		A20C1D2AF1AFD25826857BB0 /* [CP] Check Pods Manifest.lock */ = {
			isa = PBXShellScriptBuildPhase;
			buildActionMask = 2147483647;
			files = (
			);
			inputPaths = (
			);
			name = "[CP] Check Pods Manifest.lock";
			outputPaths = (
			);
			runOnlyForDeploymentPostprocessing = 0;
			shellPath = /bin/sh;
			shellScript = "diff \"${PODS_PODFILE_DIR_PATH}/Podfile.lock\" \"${PODS_ROOT}/Manifest.lock\" > /dev/null\nif [ $? != 0 ] ; then\n    # print error to STDERR\n    echo \"error: The sandbox is not in sync with the Podfile.lock. Run 'pod install' or update your CocoaPods installation.\" >&2\n    exit 1\nfi\n";
			showEnvVarsInLog = 0;
		};
		ECAA156CD511E8F2F61898D9 /* [CP] Copy Pods Resources */ = {
			isa = PBXShellScriptBuildPhase;
			buildActionMask = 2147483647;
			files = (
			);
			inputPaths = (
			);
			name = "[CP] Copy Pods Resources";
			outputPaths = (
			);
			runOnlyForDeploymentPostprocessing = 0;
			shellPath = /bin/sh;
			shellScript = "\"${SRCROOT}/Pods/Target Support Files/Pods-Fwk/Pods-Fwk-resources.sh\"\n";
			showEnvVarsInLog = 0;
		};
		FFB224BA5190BBE77969B852 /* [CP] Embed Pods Frameworks */ = {
			isa = PBXShellScriptBuildPhase;
			buildActionMask = 2147483647;
			files = (
			);
			inputPaths = (
			);
			name = "[CP] Embed Pods Frameworks";
			outputPaths = (
			);
			runOnlyForDeploymentPostprocessing = 0;
			shellPath = /bin/sh;
			shellScript = "\"${SRCROOT}/Pods/Target Support Files/Pods-Tests/Pods-Tests-frameworks.sh\"\n";
			showEnvVarsInLog = 0;
		};
/* End PBXShellScriptBuildPhase section */

/* Begin PBXSourcesBuildPhase section */
		A473E613F6216288BEA75A7E /* Sources */ = {
			isa = PBXSourcesBuildPhase;
			buildActionMask = 2147483647;
			files = (
				30401A69D5925A472890E47F /* Main.swift in Sources */,
			);
			runOnlyForDeploymentPostprocessing = 0;
		};
		DEE1B2E6C48261B0BBCF93C6 /* Sources */ = {
			isa = PBXSourcesBuildPhase;
			buildActionMask = 2147483647;
			files = (
				0865757BE608545606A3D715 /* Main.swift in Sources */,
			);
			runOnlyForDeploymentPostprocessing = 0;
		};
/* End PBXSourcesBuildPhase section */

/* Begin PBXTargetDependency section */
		032AFBB20447AD377AF39A2C /* PBXTargetDependency */ = {
			isa = PBXTargetDependency;
			name = Fwk;
			target = CCD95CF737A1E67D62C505C0 /* Fwk */;
			targetProxy = A730E7ADA107B39883435B38 /* PBXContainerItemProxy */;
		};
/* End PBXTargetDependency section */

/* Begin XCBuildConfiguration section */
		3C2E4838E2916134033D2DFF /* Debug */ = {
			isa = XCBuildConfiguration;
			buildSettings = {
				ALWAYS_SEARCH_USER_PATHS = NO;
				CLANG_ANALYZER_NONNULL = YES;
				CLANG_CXX_LANGUAGE_STANDARD = "gnu++0x";
				CLANG_CXX_LIBRARY = "libc++";
				CLANG_ENABLE_MODULES = YES;
				CLANG_ENABLE_OBJC_ARC = YES;
				CLANG_WARN_BOOL_CONVERSION = YES;
				CLANG_WARN_CONSTANT_CONVERSION = YES;
				CLANG_WARN_DIRECT_OBJC_ISA_USAGE = YES_ERROR;
				CLANG_WARN_DOCUMENTATION_COMMENTS = YES;
				CLANG_WARN_EMPTY_BODY = YES;
				CLANG_WARN_ENUM_CONVERSION = YES;
				CLANG_WARN_INFINITE_RECURSION = YES;
				CLANG_WARN_INT_CONVERSION = YES;
				CLANG_WARN_OBJC_ROOT_CLASS = YES_ERROR;
				CLANG_WARN_SUSPICIOUS_MOVE = YES;
				CLANG_WARN_SUSPICIOUS_MOVES = YES;
				CLANG_WARN_UNREACHABLE_CODE = YES;
				CLANG_WARN__DUPLICATE_METHOD_MATCH = YES;
				CODE_SIGN_IDENTITY = "-";
				"CODE_SIGN_IDENTITY[sdk=iphoneos*]" = "iPhone Developer";
				COPY_PHASE_STRIP = NO;
				DEBUG_INFORMATION_FORMAT = dwarf;
				ENABLE_STRICT_OBJC_MSGSEND = YES;
				ENABLE_TESTABILITY = YES;
				GCC_C_LANGUAGE_STANDARD = gnu99;
				GCC_DYNAMIC_NO_PIC = NO;
				GCC_NO_COMMON_BLOCKS = YES;
				GCC_OPTIMIZATION_LEVEL = 0;
				GCC_PREPROCESSOR_DEFINITIONS = (
					"DEBUG=1",
					"$(inherited)",
				);
				GCC_WARN_64_TO_32_BIT_CONVERSION = YES;
				GCC_WARN_ABOUT_RETURN_TYPE = YES_ERROR;
				GCC_WARN_UNDECLARED_SELECTOR = YES;
				GCC_WARN_UNINITIALIZED_AUTOS = YES_AGGRESSIVE;
				GCC_WARN_UNUSED_FUNCTION = YES;
				GCC_WARN_UNUSED_VARIABLE = YES;
				IPHONEOS_DEPLOYMENT_TARGET = 8.0;
				ONLY_ACTIVE_ARCH = YES;
				SWIFT_ACTIVE_COMPILATION_CONDITIONS = DEBUG;
				SWIFT_OPTIMIZATION_LEVEL = "-Onone";
				SWIFT_VERSION = 3.0;
				VERSIONING_SYSTEM = "apple-generic";
			};
			name = Debug;
		};
		4177C2524696530126560FEC /* Debug */ = {
			isa = XCBuildConfiguration;
			baseConfigurationReference = EE249EC2D6DB230A577C37CB /* Pods-Tests.debug.xcconfig */;
			buildSettings = {
				ALWAYS_EMBED_SWIFT_STANDARD_LIBRARIES = YES;
				BUNDLE_LOADER = "$(TEST_HOST)";
				FRAMEWORK_SEARCH_PATHS = (
					"$(inherited)",
					"$(BUILT_PRODUCTS_DIR)",
				);
				INFOPLIST_FILE = Info/Tst.plist;
				IPHONEOS_DEPLOYMENT_TARGET = 8.0;
				LD_RUNPATH_SEARCH_PATHS = "$(inherited) @executable_path/Frameworks @loader_path/Frameworks";
				MTL_ENABLE_DEBUG_INFO = true;
				PRODUCT_BUNDLE_IDENTIFIER = io.XCEssentials.Testing.Tst;
				PRODUCT_NAME = "$(TARGET_NAME)";
				SDKROOT = iphoneos;
				SWIFT_VERSION = 3.0;
			};
			name = Debug;
		};
		4F1BFA0E85748165A4A085BF /* Debug */ = {
			isa = XCBuildConfiguration;
			baseConfigurationReference = 0EA15E91207FA2974CBA2FF9 /* Pods-Fwk.debug.xcconfig */;
			buildSettings = {
				ALWAYS_EMBED_SWIFT_STANDARD_LIBRARIES = YES;
				CURRENT_PROJECT_VERSION = 2;
				DEFINES_MODULE = NO;
				ENABLE_TESTABILITY = YES;
				FRAMEWORK_SEARCH_PATHS = (
					"$(inherited)",
					"$(PLATFORM_DIR)/Developer/Library/Frameworks",
				);
				INFOPLIST_FILE = Info/Fwk.plist;
				INSTALL_PATH = "$(LOCAL_LIBRARY_DIR)/Frameworks";
				IPHONEOS_DEPLOYMENT_TARGET = 8.0;
				LD_RUNPATH_SEARCH_PATHS = "$(inherited) @executable_path/Frameworks";
				MTL_ENABLE_DEBUG_INFO = true;
				OTHER_LDFLAGS = "-weak-lswiftXCTest";
				PRODUCT_BUNDLE_IDENTIFIER = io.XCEssentials.Testing;
				PRODUCT_NAME = XCETesting;
				SDKROOT = iphoneos;
				SKIP_INSTALL = YES;
				SWIFT_VERSION = 3.0;
				TARGETED_DEVICE_FAMILY = "1,2";
				VERSIONING_SYSTEM = "apple-generic";
				VERSION_INFO_PREFIX = "";
			};
			name = Debug;
		};
		664DC754F31905D32CCBD349 /* Release */ = {
			isa = XCBuildConfiguration;
			baseConfigurationReference = 6CB50941325DC01E5AF64632 /* Pods-Tests.release.xcconfig */;
			buildSettings = {
				ALWAYS_EMBED_SWIFT_STANDARD_LIBRARIES = YES;
				BUNDLE_LOADER = "$(TEST_HOST)";
				FRAMEWORK_SEARCH_PATHS = (
					"$(inherited)",
					"$(BUILT_PRODUCTS_DIR)",
				);
				INFOPLIST_FILE = Info/Tst.plist;
				IPHONEOS_DEPLOYMENT_TARGET = 8.0;
				LD_RUNPATH_SEARCH_PATHS = "$(inherited) @executable_path/Frameworks @loader_path/Frameworks";
				PRODUCT_BUNDLE_IDENTIFIER = io.XCEssentials.Testing.Tst;
				PRODUCT_NAME = "$(TARGET_NAME)";
				SDKROOT = iphoneos;
				SWIFT_VERSION = 3.0;
			};
			name = Release;
		};
		9CE99EE2C17569FF9862A2AE /* Release */ = {
			isa = XCBuildConfiguration;
			baseConfigurationReference = 1487EB8446FEC358526F6F57 /* Pods-Fwk.release.xcconfig */;
			buildSettings = {
				ALWAYS_EMBED_SWIFT_STANDARD_LIBRARIES = YES;
				CURRENT_PROJECT_VERSION = 2;
				DEFINES_MODULE = NO;
				ENABLE_TESTABILITY = YES;
				FRAMEWORK_SEARCH_PATHS = (
					"$(inherited)",
					"$(PLATFORM_DIR)/Developer/Library/Frameworks",
				);
				INFOPLIST_FILE = Info/Fwk.plist;
				INSTALL_PATH = "$(LOCAL_LIBRARY_DIR)/Frameworks";
				IPHONEOS_DEPLOYMENT_TARGET = 8.0;
				LD_RUNPATH_SEARCH_PATHS = "$(inherited) @executable_path/Frameworks";
				OTHER_LDFLAGS = "-weak-lswiftXCTest";
				PRODUCT_BUNDLE_IDENTIFIER = io.XCEssentials.Testing;
				PRODUCT_NAME = XCETesting;
				SDKROOT = iphoneos;
				SKIP_INSTALL = YES;
				SWIFT_VERSION = 3.0;
				TARGETED_DEVICE_FAMILY = "1,2";
				VERSIONING_SYSTEM = "apple-generic";
				VERSION_INFO_PREFIX = "";
			};
			name = Release;
		};
		C156961A30F477602A3D7907 /* Release */ = {
			isa = XCBuildConfiguration;
			buildSettings = {
				ALWAYS_SEARCH_USER_PATHS = NO;
				CLANG_ANALYZER_NONNULL = YES;
				CLANG_CXX_LANGUAGE_STANDARD = "gnu++0x";
				CLANG_CXX_LIBRARY = "libc++";
				CLANG_ENABLE_MODULES = YES;
				CLANG_ENABLE_OBJC_ARC = YES;
				CLANG_WARN_BOOL_CONVERSION = YES;
				CLANG_WARN_CONSTANT_CONVERSION = YES;
				CLANG_WARN_DIRECT_OBJC_ISA_USAGE = YES_ERROR;
				CLANG_WARN_DOCUMENTATION_COMMENTS = YES;
				CLANG_WARN_EMPTY_BODY = YES;
				CLANG_WARN_ENUM_CONVERSION = YES;
				CLANG_WARN_INFINITE_RECURSION = YES;
				CLANG_WARN_INT_CONVERSION = YES;
				CLANG_WARN_OBJC_ROOT_CLASS = YES_ERROR;
				CLANG_WARN_SUSPICIOUS_MOVE = YES;
				CLANG_WARN_SUSPICIOUS_MOVES = YES;
				CLANG_WARN_UNREACHABLE_CODE = YES;
				CLANG_WARN__DUPLICATE_METHOD_MATCH = YES;
				CODE_SIGN_IDENTITY = "-";
				"CODE_SIGN_IDENTITY[sdk=iphoneos*]" = "iPhone Developer";
				COPY_PHASE_STRIP = NO;
				DEBUG_INFORMATION_FORMAT = "dwarf-with-dsym";
				ENABLE_NS_ASSERTIONS = NO;
				ENABLE_STRICT_OBJC_MSGSEND = YES;
				GCC_C_LANGUAGE_STANDARD = gnu99;
				GCC_NO_COMMON_BLOCKS = YES;
				GCC_WARN_64_TO_32_BIT_CONVERSION = YES;
				GCC_WARN_ABOUT_RETURN_TYPE = YES_ERROR;
				GCC_WARN_UNDECLARED_SELECTOR = YES;
				GCC_WARN_UNINITIALIZED_AUTOS = YES_AGGRESSIVE;
				GCC_WARN_UNUSED_FUNCTION = YES;
				GCC_WARN_UNUSED_VARIABLE = YES;
				IPHONEOS_DEPLOYMENT_TARGET = 8.0;
				SWIFT_OPTIMIZATION_LEVEL = "-Owholemodule";
				SWIFT_VERSION = 3.0;
				VALIDATE_PRODUCT = YES;
				VERSIONING_SYSTEM = "apple-generic";
			};
			name = Release;
		};
/* End XCBuildConfiguration section */

/* Begin XCConfigurationList section */
		5C11ED52B86C2031ADF5E185 /* Build configuration list for PBXProject "Testing" */ = {
			isa = XCConfigurationList;
			buildConfigurations = (
				3C2E4838E2916134033D2DFF /* Debug */,
				C156961A30F477602A3D7907 /* Release */,
			);
			defaultConfigurationIsVisible = 0;
			defaultConfigurationName = Debug;
		};
		68554DC338BD00C1368855A7 /* Build configuration list for PBXNativeTarget "Fwk" */ = {
			isa = XCConfigurationList;
			buildConfigurations = (
				4F1BFA0E85748165A4A085BF /* Debug */,
				9CE99EE2C17569FF9862A2AE /* Release */,
			);
			defaultConfigurationIsVisible = 0;
			defaultConfigurationName = Release;
		};
		AA0999D9E6C07B0E14FA0F28 /* Build configuration list for PBXNativeTarget "Tests" */ = {
			isa = XCConfigurationList;
			buildConfigurations = (
				4177C2524696530126560FEC /* Debug */,
				664DC754F31905D32CCBD349 /* Release */,
			);
			defaultConfigurationIsVisible = 0;
			defaultConfigurationName = Release;
		};
/* End XCConfigurationList section */
	};
	rootObject = 64964B40ED85EFB07F364C09 /* Project object */;
}
